
Microsoft Visual Studio Solution File, Format Version 12.00
# Visual Studio Version 17
VisualStudioVersion = 17.12.35527.113 d17.12
MinimumVisualStudioVersion = 10.0.40219.1
Project("{FAE04EC0-301F-11D3-BF4B-00C04F79EFBC}") = "E_commerce Service", "E_commerce Service\E_commerce Service.csproj", "{52089AC3-C291-453E-95DC-74091491E797}"
EndProject
Project("{FAE04EC0-301F-11D3-BF4B-00C04F79EFBC}") = "OrderControllerTest", "OrderControllerTest\OrderControllerTest.csproj", "{A9402537-5FA5-4ABA-ABC6-3AE7BE6673BE}"
EndProject
Global
	GlobalSection(SolutionConfigurationPlatforms) = preSolution
		Debug|Any CPU = Debug|Any CPU
		Release|Any CPU = Release|Any CPU
	EndGlobalSection
	GlobalSection(ProjectConfigurationPlatforms) = postSolution
		{52089AC3-C291-453E-95DC-74091491E797}.Debug|Any CPU.ActiveCfg = Debug|Any CPU
		{52089AC3-C291-453E-95DC-74091491E797}.Debug|Any CPU.Build.0 = Debug|Any CPU
		{52089AC3-C291-453E-95DC-74091491E797}.Release|Any CPU.ActiveCfg = Release|Any CPU
		{52089AC3-C291-453E-95DC-74091491E797}.Release|Any CPU.Build.0 = Release|Any CPU
		{A9402537-5FA5-4ABA-ABC6-3AE7BE6673BE}.Debug|Any CPU.ActiveCfg = Debug|Any CPU
		{A9402537-5FA5-4ABA-ABC6-3AE7BE6673BE}.Debug|Any CPU.Build.0 = Debug|Any CPU
		{A9402537-5FA5-4ABA-ABC6-3AE7BE6673BE}.Release|Any CPU.ActiveCfg = Release|Any CPU
		{A9402537-5FA5-4ABA-ABC6-3AE7BE6673BE}.Release|Any CPU.Build.0 = Release|Any CPU
	EndGlobalSection
	GlobalSection(SolutionProperties) = preSolution
		HideSolutionNode = FALSE
	EndGlobalSection
EndGlobal
